// !$*UTF8*$!
{
	archiveVersion = 1;
	classes = {
	};
	objectVersion = 46;
	objects = {

/* Begin PBXBuildFile section */
		D21E0E6D16DB96E100A06542 /* FontAwesome.otf in Resources */ = {isa = PBXBuildFile; fileRef = D21E0E6C16DB962000A06542 /* FontAwesome.otf */; };
		D246C43E16DA7B31002D94D6 /* MBImagesViewController.m in Sources */ = {isa = PBXBuildFile; fileRef = D246C43C16DA7B31002D94D6 /* MBImagesViewController.m */; };
		D246C43F16DA7B31002D94D6 /* MBImagesViewController.xib in Resources */ = {isa = PBXBuildFile; fileRef = D246C43D16DA7B31002D94D6 /* MBImagesViewController.xib */; };
		D246C44216DA7BCF002D94D6 /* MBImageCell.m in Sources */ = {isa = PBXBuildFile; fileRef = D246C44116DA7BCF002D94D6 /* MBImageCell.m */; };
		D2898CAF16D7686000FD4FF1 /* UIKit.framework in Frameworks */ = {isa = PBXBuildFile; fileRef = D2898CAE16D7686000FD4FF1 /* UIKit.framework */; };
		D2898CB116D7686000FD4FF1 /* Foundation.framework in Frameworks */ = {isa = PBXBuildFile; fileRef = D2898CB016D7686000FD4FF1 /* Foundation.framework */; };
		D2898CB316D7686000FD4FF1 /* CoreGraphics.framework in Frameworks */ = {isa = PBXBuildFile; fileRef = D2898CB216D7686000FD4FF1 /* CoreGraphics.framework */; };
		D2898CB916D7686000FD4FF1 /* InfoPlist.strings in Resources */ = {isa = PBXBuildFile; fileRef = D2898CB716D7686000FD4FF1 /* InfoPlist.strings */; };
		D2898CBB16D7686000FD4FF1 /* main.m in Sources */ = {isa = PBXBuildFile; fileRef = D2898CBA16D7686000FD4FF1 /* main.m */; };
		D2898CBF16D7686000FD4FF1 /* MBAppDelegate.m in Sources */ = {isa = PBXBuildFile; fileRef = D2898CBE16D7686000FD4FF1 /* MBAppDelegate.m */; };
		D2898CC116D7686000FD4FF1 /* Default.png in Resources */ = {isa = PBXBuildFile; fileRef = D2898CC016D7686000FD4FF1 /* Default.png */; };
		D2898CC316D7686000FD4FF1 /* Default@2x.png in Resources */ = {isa = PBXBuildFile; fileRef = D2898CC216D7686000FD4FF1 /* Default@2x.png */; };
		D2898CC516D7686000FD4FF1 /* Default-568h@2x.png in Resources */ = {isa = PBXBuildFile; fileRef = D2898CC416D7686000FD4FF1 /* Default-568h@2x.png */; };
		D2898CDE16D76BEA00FD4FF1 /* MBPullDownController.m in Sources */ = {isa = PBXBuildFile; fileRef = D2898CDD16D76BEA00FD4FF1 /* MBPullDownController.m */; };
		D2898CEA16D7720F00FD4FF1 /* MBSettingsController.m in Sources */ = {isa = PBXBuildFile; fileRef = D2898CE816D7720F00FD4FF1 /* MBSettingsController.m */; };
		D2898CEB16D7720F00FD4FF1 /* MBSettingsController.xib in Resources */ = {isa = PBXBuildFile; fileRef = D2898CE916D7720F00FD4FF1 /* MBSettingsController.xib */; };
		D2898CEF16D7721B00FD4FF1 /* MBInfoViewController.m in Sources */ = {isa = PBXBuildFile; fileRef = D2898CED16D7721B00FD4FF1 /* MBInfoViewController.m */; };
		D2898CF016D7721B00FD4FF1 /* MBInfoViewController.xib in Resources */ = {isa = PBXBuildFile; fileRef = D2898CEE16D7721B00FD4FF1 /* MBInfoViewController.xib */; };
		D2898CF716D79E3600FD4FF1 /* QuartzCore.framework in Frameworks */ = {isa = PBXBuildFile; fileRef = D2898CF616D79E3600FD4FF1 /* QuartzCore.framework */; };
/* End PBXBuildFile section */

/* Begin PBXFileReference section */
		D21E0E6C16DB962000A06542 /* FontAwesome.otf */ = {isa = PBXFileReference; lastKnownFileType = file; name = FontAwesome.otf; path = fonts/FontAwesome.otf; sourceTree = "<group>"; };
		D246C43B16DA7B31002D94D6 /* MBImagesViewController.h */ = {isa = PBXFileReference; fileEncoding = 4; lastKnownFileType = sourcecode.c.h; path = MBImagesViewController.h; sourceTree = "<group>"; };
		D246C43C16DA7B31002D94D6 /* MBImagesViewController.m */ = {isa = PBXFileReference; fileEncoding = 4; lastKnownFileType = sourcecode.c.objc; path = MBImagesViewController.m; sourceTree = "<group>"; };
		D246C43D16DA7B31002D94D6 /* MBImagesViewController.xib */ = {isa = PBXFileReference; fileEncoding = 4; lastKnownFileType = file.xib; path = MBImagesViewController.xib; sourceTree = "<group>"; };
		D246C44016DA7BCF002D94D6 /* MBImageCell.h */ = {isa = PBXFileReference; fileEncoding = 4; lastKnownFileType = sourcecode.c.h; path = MBImageCell.h; sourceTree = "<group>"; };
		D246C44116DA7BCF002D94D6 /* MBImageCell.m */ = {isa = PBXFileReference; fileEncoding = 4; lastKnownFileType = sourcecode.c.objc; path = MBImageCell.m; sourceTree = "<group>"; };
		D2898CAB16D7686000FD4FF1 /* Pull Down.app */ = {isa = PBXFileReference; explicitFileType = wrapper.application; includeInIndex = 0; path = "Pull Down.app"; sourceTree = BUILT_PRODUCTS_DIR; };
		D2898CAE16D7686000FD4FF1 /* UIKit.framework */ = {isa = PBXFileReference; lastKnownFileType = wrapper.framework; name = UIKit.framework; path = System/Library/Frameworks/UIKit.framework; sourceTree = SDKROOT; };
		D2898CB016D7686000FD4FF1 /* Foundation.framework */ = {isa = PBXFileReference; lastKnownFileType = wrapper.framework; name = Foundation.framework; path = System/Library/Frameworks/Foundation.framework; sourceTree = SDKROOT; };
		D2898CB216D7686000FD4FF1 /* CoreGraphics.framework */ = {isa = PBXFileReference; lastKnownFileType = wrapper.framework; name = CoreGraphics.framework; path = System/Library/Frameworks/CoreGraphics.framework; sourceTree = SDKROOT; };
		D2898CB616D7686000FD4FF1 /* PullDownControllerDemo-Info.plist */ = {isa = PBXFileReference; lastKnownFileType = text.plist.xml; path = "PullDownControllerDemo-Info.plist"; sourceTree = "<group>"; };
		D2898CB816D7686000FD4FF1 /* en */ = {isa = PBXFileReference; lastKnownFileType = text.plist.strings; name = en; path = en.lproj/InfoPlist.strings; sourceTree = "<group>"; };
		D2898CBA16D7686000FD4FF1 /* main.m */ = {isa = PBXFileReference; lastKnownFileType = sourcecode.c.objc; path = main.m; sourceTree = "<group>"; };
		D2898CBC16D7686000FD4FF1 /* PullDownControllerDemo-Prefix.pch */ = {isa = PBXFileReference; lastKnownFileType = sourcecode.c.h; path = "PullDownControllerDemo-Prefix.pch"; sourceTree = "<group>"; };
		D2898CBD16D7686000FD4FF1 /* MBAppDelegate.h */ = {isa = PBXFileReference; lastKnownFileType = sourcecode.c.h; path = MBAppDelegate.h; sourceTree = "<group>"; };
		D2898CBE16D7686000FD4FF1 /* MBAppDelegate.m */ = {isa = PBXFileReference; lastKnownFileType = sourcecode.c.objc; path = MBAppDelegate.m; sourceTree = "<group>"; };
		D2898CC016D7686000FD4FF1 /* Default.png */ = {isa = PBXFileReference; lastKnownFileType = image.png; path = Default.png; sourceTree = "<group>"; };
		D2898CC216D7686000FD4FF1 /* Default@2x.png */ = {isa = PBXFileReference; lastKnownFileType = image.png; path = "Default@2x.png"; sourceTree = "<group>"; };
		D2898CC416D7686000FD4FF1 /* Default-568h@2x.png */ = {isa = PBXFileReference; lastKnownFileType = image.png; path = "Default-568h@2x.png"; sourceTree = "<group>"; };
		D2898CDC16D76BEA00FD4FF1 /* MBPullDownController.h */ = {isa = PBXFileReference; fileEncoding = 4; lastKnownFileType = sourcecode.c.h; path = MBPullDownController.h; sourceTree = "<group>"; };
		D2898CDD16D76BEA00FD4FF1 /* MBPullDownController.m */ = {isa = PBXFileReference; fileEncoding = 4; lastKnownFileType = sourcecode.c.objc; path = MBPullDownController.m; sourceTree = "<group>"; };
		D2898CE716D7720F00FD4FF1 /* MBSettingsController.h */ = {isa = PBXFileReference; fileEncoding = 4; lastKnownFileType = sourcecode.c.h; path = MBSettingsController.h; sourceTree = "<group>"; };
		D2898CE816D7720F00FD4FF1 /* MBSettingsController.m */ = {isa = PBXFileReference; fileEncoding = 4; lastKnownFileType = sourcecode.c.objc; path = MBSettingsController.m; sourceTree = "<group>"; };
		D2898CE916D7720F00FD4FF1 /* MBSettingsController.xib */ = {isa = PBXFileReference; fileEncoding = 4; lastKnownFileType = file.xib; path = MBSettingsController.xib; sourceTree = "<group>"; };
		D2898CEC16D7721B00FD4FF1 /* MBInfoViewController.h */ = {isa = PBXFileReference; fileEncoding = 4; lastKnownFileType = sourcecode.c.h; path = MBInfoViewController.h; sourceTree = "<group>"; };
		D2898CED16D7721B00FD4FF1 /* MBInfoViewController.m */ = {isa = PBXFileReference; fileEncoding = 4; lastKnownFileType = sourcecode.c.objc; path = MBInfoViewController.m; sourceTree = "<group>"; };
		D2898CEE16D7721B00FD4FF1 /* MBInfoViewController.xib */ = {isa = PBXFileReference; fileEncoding = 4; lastKnownFileType = file.xib; path = MBInfoViewController.xib; sourceTree = "<group>"; };
		D2898CF616D79E3600FD4FF1 /* QuartzCore.framework */ = {isa = PBXFileReference; lastKnownFileType = wrapper.framework; name = QuartzCore.framework; path = System/Library/Frameworks/QuartzCore.framework; sourceTree = SDKROOT; };
/* End PBXFileReference section */

/* Begin PBXFrameworksBuildPhase section */
		D2898CA816D7686000FD4FF1 /* Frameworks */ = {
			isa = PBXFrameworksBuildPhase;
			buildActionMask = 2147483647;
			files = (
				D2898CF716D79E3600FD4FF1 /* QuartzCore.framework in Frameworks */,
				D2898CAF16D7686000FD4FF1 /* UIKit.framework in Frameworks */,
				D2898CB116D7686000FD4FF1 /* Foundation.framework in Frameworks */,
				D2898CB316D7686000FD4FF1 /* CoreGraphics.framework in Frameworks */,
			);
			runOnlyForDeploymentPostprocessing = 0;
		};
/* End PBXFrameworksBuildPhase section */

/* Begin PBXGroup section */
		D2898CA216D7686000FD4FF1 = {
			isa = PBXGroup;
			children = (
				D2898CB416D7686000FD4FF1 /* PullDownControllerDemo */,
				D2898CAD16D7686000FD4FF1 /* Frameworks */,
				D2898CAC16D7686000FD4FF1 /* Products */,
			);
			sourceTree = "<group>";
		};
		D2898CAC16D7686000FD4FF1 /* Products */ = {
			isa = PBXGroup;
			children = (
				D2898CAB16D7686000FD4FF1 /* Pull Down.app */,
			);
			name = Products;
			sourceTree = "<group>";
		};
		D2898CAD16D7686000FD4FF1 /* Frameworks */ = {
			isa = PBXGroup;
			children = (
				D2898CF616D79E3600FD4FF1 /* QuartzCore.framework */,
				D2898CAE16D7686000FD4FF1 /* UIKit.framework */,
				D2898CB016D7686000FD4FF1 /* Foundation.framework */,
				D2898CB216D7686000FD4FF1 /* CoreGraphics.framework */,
			);
			name = Frameworks;
			sourceTree = "<group>";
		};
		D2898CB416D7686000FD4FF1 /* PullDownControllerDemo */ = {
			isa = PBXGroup;
			children = (
				D2898CD016D76B1200FD4FF1 /* App */,
				D2898CE016D771B300FD4FF1 /* Images (Front) */,
				D2898CDF16D7719600FD4FF1 /* Settings (Back) */,
				D2898CE116D771BB00FD4FF1 /* Info */,
				D2898CDB16D76BEA00FD4FF1 /* MBPullDownController */,
				D2898CB516D7686000FD4FF1 /* Supporting Files */,
			);
			path = PullDownControllerDemo;
			sourceTree = "<group>";
		};
		D2898CB516D7686000FD4FF1 /* Supporting Files */ = {
			isa = PBXGroup;
			children = (
				D2898CB616D7686000FD4FF1 /* PullDownControllerDemo-Info.plist */,
				D2898CB716D7686000FD4FF1 /* InfoPlist.strings */,
				D2898CBA16D7686000FD4FF1 /* main.m */,
				D2898CBC16D7686000FD4FF1 /* PullDownControllerDemo-Prefix.pch */,
				D2898CC016D7686000FD4FF1 /* Default.png */,
				D2898CC216D7686000FD4FF1 /* Default@2x.png */,
				D2898CC416D7686000FD4FF1 /* Default-568h@2x.png */,
			);
			name = "Supporting Files";
			sourceTree = "<group>";
		};
		D2898CD016D76B1200FD4FF1 /* App */ = {
			isa = PBXGroup;
			children = (
				D2898CBD16D7686000FD4FF1 /* MBAppDelegate.h */,
				D2898CBE16D7686000FD4FF1 /* MBAppDelegate.m */,
			);
			name = App;
			sourceTree = "<group>";
		};
		D2898CDB16D76BEA00FD4FF1 /* MBPullDownController */ = {
			isa = PBXGroup;
			children = (
				D2898CDC16D76BEA00FD4FF1 /* MBPullDownController.h */,
				D2898CDD16D76BEA00FD4FF1 /* MBPullDownController.m */,
			);
			name = MBPullDownController;
			path = ../../MBPullDownController;
			sourceTree = "<group>";
		};
		D2898CDF16D7719600FD4FF1 /* Settings (Back) */ = {
			isa = PBXGroup;
			children = (
				D2898CE716D7720F00FD4FF1 /* MBSettingsController.h */,
				D2898CE816D7720F00FD4FF1 /* MBSettingsController.m */,
				D2898CE916D7720F00FD4FF1 /* MBSettingsController.xib */,
			);
			name = "Settings (Back)";
			sourceTree = "<group>";
		};
		D2898CE016D771B300FD4FF1 /* Images (Front) */ = {
			isa = PBXGroup;
			children = (
				D246C43B16DA7B31002D94D6 /* MBImagesViewController.h */,
				D246C43C16DA7B31002D94D6 /* MBImagesViewController.m */,
				D246C44016DA7BCF002D94D6 /* MBImageCell.h */,
				D246C44116DA7BCF002D94D6 /* MBImageCell.m */,
				D246C43D16DA7B31002D94D6 /* MBImagesViewController.xib */,
			);
			name = "Images (Front)";
			sourceTree = "<group>";
		};
		D2898CE116D771BB00FD4FF1 /* Info */ = {
			isa = PBXGroup;
			children = (
				D2898CEC16D7721B00FD4FF1 /* MBInfoViewController.h */,
				D2898CED16D7721B00FD4FF1 /* MBInfoViewController.m */,
				D2898CEE16D7721B00FD4FF1 /* MBInfoViewController.xib */,
				D21E0E6C16DB962000A06542 /* FontAwesome.otf */,
			);
			name = Info;
			sourceTree = "<group>";
		};
/* End PBXGroup section */

/* Begin PBXNativeTarget section */
		D2898CAA16D7686000FD4FF1 /* PullDownControllerDemo */ = {
			isa = PBXNativeTarget;
			buildConfigurationList = D2898CC816D7686000FD4FF1 /* Build configuration list for PBXNativeTarget "PullDownControllerDemo" */;
			buildPhases = (
				D2898CA716D7686000FD4FF1 /* Sources */,
				D2898CA816D7686000FD4FF1 /* Frameworks */,
				D2898CA916D7686000FD4FF1 /* Resources */,
			);
			buildRules = (
			);
			dependencies = (
			);
			name = PullDownControllerDemo;
			productName = PullDownControllerDemo;
			productReference = D2898CAB16D7686000FD4FF1 /* Pull Down.app */;
			productType = "com.apple.product-type.application";
		};
/* End PBXNativeTarget section */

/* Begin PBXProject section */
		D2898CA316D7686000FD4FF1 /* Project object */ = {
			isa = PBXProject;
			attributes = {
				CLASSPREFIX = MB;
				LastUpgradeCheck = 0460;
				ORGANIZATIONNAME = "Matej Bukovinski";
			};
			buildConfigurationList = D2898CA616D7686000FD4FF1 /* Build configuration list for PBXProject "PullDownControllerDemo" */;
			compatibilityVersion = "Xcode 3.2";
			developmentRegion = English;
			hasScannedForEncodings = 0;
			knownRegions = (
				en,
			);
			mainGroup = D2898CA216D7686000FD4FF1;
			productRefGroup = D2898CAC16D7686000FD4FF1 /* Products */;
			projectDirPath = "";
			projectRoot = "";
			targets = (
				D2898CAA16D7686000FD4FF1 /* PullDownControllerDemo */,
			);
		};
/* End PBXProject section */

/* Begin PBXResourcesBuildPhase section */
		D2898CA916D7686000FD4FF1 /* Resources */ = {
			isa = PBXResourcesBuildPhase;
			buildActionMask = 2147483647;
			files = (
				D2898CB916D7686000FD4FF1 /* InfoPlist.strings in Resources */,
				D2898CC116D7686000FD4FF1 /* Default.png in Resources */,
				D2898CC316D7686000FD4FF1 /* Default@2x.png in Resources */,
				D2898CC516D7686000FD4FF1 /* Default-568h@2x.png in Resources */,
				D2898CEB16D7720F00FD4FF1 /* MBSettingsController.xib in Resources */,
				D2898CF016D7721B00FD4FF1 /* MBInfoViewController.xib in Resources */,
				D246C43F16DA7B31002D94D6 /* MBImagesViewController.xib in Resources */,
				D21E0E6D16DB96E100A06542 /* FontAwesome.otf in Resources */,
			);
			runOnlyForDeploymentPostprocessing = 0;
		};
/* End PBXResourcesBuildPhase section */

/* Begin PBXSourcesBuildPhase section */
		D2898CA716D7686000FD4FF1 /* Sources */ = {
			isa = PBXSourcesBuildPhase;
			buildActionMask = 2147483647;
			files = (
				D2898CBB16D7686000FD4FF1 /* main.m in Sources */,
				D2898CBF16D7686000FD4FF1 /* MBAppDelegate.m in Sources */,
				D2898CDE16D76BEA00FD4FF1 /* MBPullDownController.m in Sources */,
				D2898CEA16D7720F00FD4FF1 /* MBSettingsController.m in Sources */,
				D2898CEF16D7721B00FD4FF1 /* MBInfoViewController.m in Sources */,
				D246C43E16DA7B31002D94D6 /* MBImagesViewController.m in Sources */,
				D246C44216DA7BCF002D94D6 /* MBImageCell.m in Sources */,
			);
			runOnlyForDeploymentPostprocessing = 0;
		};
/* End PBXSourcesBuildPhase section */

/* Begin PBXVariantGroup section */
		D2898CB716D7686000FD4FF1 /* InfoPlist.strings */ = {
			isa = PBXVariantGroup;
			children = (
				D2898CB816D7686000FD4FF1 /* en */,
			);
			name = InfoPlist.strings;
			sourceTree = "<group>";
		};
/* End PBXVariantGroup section */

/* Begin XCBuildConfiguration section */
		D2898CC616D7686000FD4FF1 /* Debug */ = {
			isa = XCBuildConfiguration;
			buildSettings = {
				ALWAYS_SEARCH_USER_PATHS = NO;
				CLANG_CXX_LANGUAGE_STANDARD = "gnu++0x";
				CLANG_CXX_LIBRARY = "libc++";
				CLANG_ENABLE_OBJC_ARC = YES;
				CLANG_WARN_CONSTANT_CONVERSION = YES;
				CLANG_WARN_EMPTY_BODY = YES;
				CLANG_WARN_ENUM_CONVERSION = YES;
				CLANG_WARN_INT_CONVERSION = YES;
				CLANG_WARN__DUPLICATE_METHOD_MATCH = YES;
				"CODE_SIGN_IDENTITY[sdk=iphoneos*]" = "iPhone Developer";
				COPY_PHASE_STRIP = NO;
				GCC_C_LANGUAGE_STANDARD = gnu99;
				GCC_DYNAMIC_NO_PIC = NO;
				GCC_OPTIMIZATION_LEVEL = 0;
				GCC_PREPROCESSOR_DEFINITIONS = (
					"DEBUG=1",
					"$(inherited)",
				);
				GCC_SYMBOLS_PRIVATE_EXTERN = NO;
				GCC_WARN_ABOUT_RETURN_TYPE = YES;
				GCC_WARN_UNINITIALIZED_AUTOS = YES;
				GCC_WARN_UNUSED_VARIABLE = YES;
				IPHONEOS_DEPLOYMENT_TARGET = 6.1;
				ONLY_ACTIVE_ARCH = YES;
				SDKROOT = iphoneos;
			};
			name = Debug;
		};
		D2898CC716D7686000FD4FF1 /* Release */ = {
			isa = XCBuildConfiguration;
			buildSettings = {
				ALWAYS_SEARCH_USER_PATHS = NO;
				CLANG_CXX_LANGUAGE_STANDARD = "gnu++0x";
				CLANG_CXX_LIBRARY = "libc++";
				CLANG_ENABLE_OBJC_ARC = YES;
				CLANG_WARN_CONSTANT_CONVERSION = YES;
				CLANG_WARN_EMPTY_BODY = YES;
				CLANG_WARN_ENUM_CONVERSION = YES;
				CLANG_WARN_INT_CONVERSION = YES;
				CLANG_WARN__DUPLICATE_METHOD_MATCH = YES;
				"CODE_SIGN_IDENTITY[sdk=iphoneos*]" = "iPhone Developer";
				COPY_PHASE_STRIP = YES;
				GCC_C_LANGUAGE_STANDARD = gnu99;
				GCC_WARN_ABOUT_RETURN_TYPE = YES;
				GCC_WARN_UNINITIALIZED_AUTOS = YES;
				GCC_WARN_UNUSED_VARIABLE = YES;
				IPHONEOS_DEPLOYMENT_TARGET = 6.1;
				OTHER_CFLAGS = "-DNS_BLOCK_ASSERTIONS=1";
				SDKROOT = iphoneos;
				VALIDATE_PRODUCT = YES;
			};
			name = Release;
		};
		D2898CC916D7686000FD4FF1 /* Debug */ = {
			isa = XCBuildConfiguration;
			buildSettings = {
				GCC_PRECOMPILE_PREFIX_HEADER = YES;
				GCC_PREFIX_HEADER = "PullDownControllerDemo/PullDownControllerDemo-Prefix.pch";
				INFOPLIST_FILE = "PullDownControllerDemo/PullDownControllerDemo-Info.plist";
				PRODUCT_NAME = "Pull Down";
				WRAPPER_EXTENSION = app;
			};
			name = Debug;
		};
		D2898CCA16D7686000FD4FF1 /* Release */ = {
			isa = XCBuildConfiguration;
			buildSettings = {
				GCC_PRECOMPILE_PREFIX_HEADER = YES;
				GCC_PREFIX_HEADER = "PullDownControllerDemo/PullDownControllerDemo-Prefix.pch";
				INFOPLIST_FILE = "PullDownControllerDemo/PullDownControllerDemo-Info.plist";
				PRODUCT_NAME = "Pull Down";
				WRAPPER_EXTENSION = app;
			};
			name = Release;
		};
/* End XCBuildConfiguration section */

/* Begin XCConfigurationList section */
		D2898CA616D7686000FD4FF1 /* Build configuration list for PBXProject "PullDownControllerDemo" */ = {
			isa = XCConfigurationList;
			buildConfigurations = (
				D2898CC616D7686000FD4FF1 /* Debug */,
				D2898CC716D7686000FD4FF1 /* Release */,
			);
			defaultConfigurationIsVisible = 0;
			defaultConfigurationName = Release;
		};
		D2898CC816D7686000FD4FF1 /* Build configuration list for PBXNativeTarget "PullDownControllerDemo" */ = {
			isa = XCConfigurationList;
			buildConfigurations = (
				D2898CC916D7686000FD4FF1 /* Debug */,
				D2898CCA16D7686000FD4FF1 /* Release */,
			);
			defaultConfigurationIsVisible = 0;
			defaultConfigurationName = Release;
		};
/* End XCConfigurationList section */
	};
	rootObject = D2898CA316D7686000FD4FF1 /* Project object */;
}
